{
  "name": "tanagra",
  "version": "0.5.0",
  "lockfileVersion": 3,
  "requires": true,
  "packages": {
    "": {
      "name": "tanagra",
      "version": "0.5.0",
      "license": "MIT",
      "dependencies": {
        "tanagra-core": "^0.5.0",
        "tanagra-json": "^0.5.0"
      },
      "devDependencies": {
        "braintree-jsdoc-template": "^3.3.0",
        "jsdoc": "^3.6.3"
      }
    },
    "node_modules/@babel/parser": {
      "version": "7.8.4",
      "resolved": "https://registry.npmjs.org/@babel/parser/-/parser-7.8.4.tgz",
      "integrity": "sha512-0fKu/QqildpXmPVaRBoXOlyBb3MC+J0A66x97qEfLOMkn3u6nfY5esWogQwi/K0BjASYy4DbnsEWnpNL6qT5Mw==",
      "dev": true,
      "bin": {
        "parser": "bin/babel-parser.js"
      },
      "engines": {
        "node": ">=6.0.0"
      }
    },
    "node_modules/argparse": {
      "version": "1.0.10",
      "resolved": "https://registry.npmjs.org/argparse/-/argparse-1.0.10.tgz",
      "integrity": "sha512-o5Roy6tNG4SL/FOkCAN6RzjiakZS25RLYFrcMttJqbdd8BWrnA+fGz57iN5Pb06pvBGvl5gQ0B48dJlslXvoTg==",
      "dev": true,
      "dependencies": {
        "sprintf-js": "~1.0.2"
      }
    },
    "node_modules/bluebird": {
      "version": "3.7.2",
      "resolved": "https://registry.npmjs.org/bluebird/-/bluebird-3.7.2.tgz",
      "integrity": "sha512-XpNj6GDQzdfW+r2Wnn7xiSAd7TM3jzkxGXBGTtWKuSXv1xUV+azxAm8jdWZN06QTQk+2N2XB9jRDkvbmQmcRtg==",
      "dev": true
    },
    "node_modules/braintree-jsdoc-template": {
      "version": "3.3.0",
      "resolved": "https://registry.npmjs.org/braintree-jsdoc-template/-/braintree-jsdoc-template-3.3.0.tgz",
      "integrity": "sha512-sjkq3w1Dt1HO/yKa2WzFpsi+cuO5qv0kD2kHl6T0amdrnQX9T7sQBBde56iYR1dzXFYMXyh7ti/662v9/00bGw==",
      "dev": true
    },
    "node_modules/catharsis": {
      "version": "0.8.11",
      "resolved": "https://registry.npmjs.org/catharsis/-/catharsis-0.8.11.tgz",
      "integrity": "sha512-a+xUyMV7hD1BrDQA/3iPV7oc+6W26BgVJO05PGEoatMyIuPScQKsde6i3YorWX1qs+AZjnJ18NqdKoCtKiNh1g==",
      "dev": true,
      "dependencies": {
        "lodash": "^4.17.14"
      },
      "engines": {
        "node": ">= 8"
      }
    },
    "node_modules/entities": {
      "version": "1.1.2",
      "resolved": "https://registry.npmjs.org/entities/-/entities-1.1.2.tgz",
      "integrity": "sha512-f2LZMYl1Fzu7YSBKg+RoROelpOaNrcGmE9AZubeDfrCEia483oW4MI4VyFd5VNHIgQ/7qm1I0wUHK1eJnn2y2w==",
      "dev": true
    },
    "node_modules/escape-string-regexp": {
      "version": "2.0.0",
      "resolved": "https://registry.npmjs.org/escape-string-regexp/-/escape-string-regexp-2.0.0.tgz",
      "integrity": "sha512-UpzcLCXolUWcNu5HtVMHYdXJjArjsF9C0aNnquZYY4uW/Vu0miy5YoWvbV345HauVvcAUnpRuhMMcqTcGOY2+w==",
      "dev": true,
      "engines": {
        "node": ">=8"
      }
    },
    "node_modules/graceful-fs": {
      "version": "4.2.3",
      "resolved": "https://registry.npmjs.org/graceful-fs/-/graceful-fs-4.2.3.tgz",
      "integrity": "sha512-a30VEBm4PEdx1dRB7MFK7BejejvCvBronbLjht+sHuGYj8PHs7M/5Z+rt5lw551vZ7yfTCj4Vuyy3mSJytDWRQ==",
      "dev": true
    },
    "node_modules/js2xmlparser": {
      "version": "4.0.1",
      "resolved": "https://registry.npmjs.org/js2xmlparser/-/js2xmlparser-4.0.1.tgz",
      "integrity": "sha512-KrPTolcw6RocpYjdC7pL7v62e55q7qOMHvLX1UCLc5AAS8qeJ6nukarEJAF2KL2PZxlbGueEbINqZR2bDe/gUw==",
      "dev": true,
      "dependencies": {
        "xmlcreate": "^2.0.3"
      }
    },
    "node_modules/jsdoc": {
      "version": "3.6.3",
      "resolved": "https://registry.npmjs.org/jsdoc/-/jsdoc-3.6.3.tgz",
      "integrity": "sha512-Yf1ZKA3r9nvtMWHO1kEuMZTlHOF8uoQ0vyo5eH7SQy5YeIiHM+B0DgKnn+X6y6KDYZcF7G2SPkKF+JORCXWE/A==",
      "dev": true,
      "dependencies": {
        "@babel/parser": "^7.4.4",
        "bluebird": "^3.5.4",
        "catharsis": "^0.8.11",
        "escape-string-regexp": "^2.0.0",
        "js2xmlparser": "^4.0.0",
        "klaw": "^3.0.0",
        "markdown-it": "^8.4.2",
        "markdown-it-anchor": "^5.0.2",
        "marked": "^0.7.0",
        "mkdirp": "^0.5.1",
        "requizzle": "^0.2.3",
        "strip-json-comments": "^3.0.1",
        "taffydb": "2.6.2",
        "underscore": "~1.9.1"
      },
      "bin": {
        "jsdoc": "jsdoc.js"
      },
      "engines": {
        "node": ">=8.15.0"
      }
    },
    "node_modules/klaw": {
      "version": "3.0.0",
      "resolved": "https://registry.npmjs.org/klaw/-/klaw-3.0.0.tgz",
      "integrity": "sha512-0Fo5oir+O9jnXu5EefYbVK+mHMBeEVEy2cmctR1O1NECcCkPRreJKrS6Qt/j3KC2C148Dfo9i3pCmCMsdqGr0g==",
      "dev": true,
      "dependencies": {
        "graceful-fs": "^4.1.9"
      }
    },
    "node_modules/linkify-it": {
      "version": "2.2.0",
      "resolved": "https://registry.npmjs.org/linkify-it/-/linkify-it-2.2.0.tgz",
      "integrity": "sha512-GnAl/knGn+i1U/wjBz3akz2stz+HrHLsxMwHQGofCDfPvlf+gDKN58UtfmUquTY4/MXeE2x7k19KQmeoZi94Iw==",
      "dev": true,
      "dependencies": {
        "uc.micro": "^1.0.1"
      }
    },
    "node_modules/lodash": {
      "version": "4.17.15",
      "resolved": "https://registry.npmjs.org/lodash/-/lodash-4.17.15.tgz",
      "integrity": "sha512-8xOcRHvCjnocdS5cpwXQXVzmmh5e5+saE2QGoeQmbKmRS6J3VQppPOIt0MnmE+4xlZoumy0GPG0D0MVIQbNA1A==",
      "dev": true
    },
    "node_modules/markdown-it": {
      "version": "8.4.2",
      "resolved": "https://registry.npmjs.org/markdown-it/-/markdown-it-8.4.2.tgz",
      "integrity": "sha512-GcRz3AWTqSUphY3vsUqQSFMbgR38a4Lh3GWlHRh/7MRwz8mcu9n2IO7HOh+bXHrR9kOPDl5RNCaEsrneb+xhHQ==",
      "dev": true,
      "dependencies": {
        "argparse": "^1.0.7",
        "entities": "~1.1.1",
        "linkify-it": "^2.0.0",
        "mdurl": "^1.0.1",
        "uc.micro": "^1.0.5"
      },
      "bin": {
        "markdown-it": "bin/markdown-it.js"
      }
    },
    "node_modules/markdown-it-anchor": {
      "version": "5.2.5",
      "resolved": "https://registry.npmjs.org/markdown-it-anchor/-/markdown-it-anchor-5.2.5.tgz",
      "integrity": "sha512-xLIjLQmtym3QpoY9llBgApknl7pxAcN3WDRc2d3rwpl+/YvDZHPmKscGs+L6E05xf2KrCXPBvosWt7MZukwSpQ==",
      "dev": true,
      "peerDependencies": {
        "markdown-it": "*"
      }
    },
    "node_modules/marked": {
      "version": "0.7.0",
      "resolved": "https://registry.npmjs.org/marked/-/marked-0.7.0.tgz",
      "integrity": "sha512-c+yYdCZJQrsRjTPhUx7VKkApw9bwDkNbHUKo1ovgcfDjb2kc8rLuRbIFyXL5WOEUwzSSKo3IXpph2K6DqB/KZg==",
      "dev": true,
      "bin": {
        "marked": "bin/marked"
      },
      "engines": {
        "node": ">=0.10.0"
      }
    },
    "node_modules/mdurl": {
      "version": "1.0.1",
      "resolved": "https://registry.npmjs.org/mdurl/-/mdurl-1.0.1.tgz",
      "integrity": "sha1-/oWy7HWlkDfyrf7BAP1sYBdhFS4=",
      "dev": true
    },
    "node_modules/minimist": {
      "version": "0.0.8",
      "resolved": "https://registry.npmjs.org/minimist/-/minimist-0.0.8.tgz",
      "integrity": "sha1-hX/Kv8M5fSYluCKCYuhqp6ARsF0=",
      "dev": true
    },
    "node_modules/mkdirp": {
      "version": "0.5.1",
      "resolved": "https://registry.npmjs.org/mkdirp/-/mkdirp-0.5.1.tgz",
      "integrity": "sha1-MAV0OOrGz3+MR2fzhkjWaX11yQM=",
      "deprecated": "Legacy versions of mkdirp are no longer supported. Please update to mkdirp 1.x. (Note that the API surface has changed to use Promises in 1.x.)",
      "dev": true,
      "dependencies": {
        "minimist": "0.0.8"
      },
      "bin": {
        "mkdirp": "bin/cmd.js"
      }
    },
    "node_modules/requizzle": {
      "version": "0.2.3",
      "resolved": "https://registry.npmjs.org/requizzle/-/requizzle-0.2.3.tgz",
      "integrity": "sha512-YanoyJjykPxGHii0fZP0uUPEXpvqfBDxWV7s6GKAiiOsiqhX6vHNyW3Qzdmqp/iq/ExbhaGbVrjB4ruEVSM4GQ==",
      "dev": true,
      "dependencies": {
        "lodash": "^4.17.14"
      }
    },
    "node_modules/sprintf-js": {
      "version": "1.0.3",
      "resolved": "https://registry.npmjs.org/sprintf-js/-/sprintf-js-1.0.3.tgz",
      "integrity": "sha1-BOaSb2YolTVPPdAVIDYzuFcpfiw=",
      "dev": true
    },
    "node_modules/strip-json-comments": {
      "version": "3.0.1",
      "resolved": "https://registry.npmjs.org/strip-json-comments/-/strip-json-comments-3.0.1.tgz",
      "integrity": "sha512-VTyMAUfdm047mwKl+u79WIdrZxtFtn+nBxHeb844XBQ9uMNTuTHdx2hc5RiAJYqwTj3wc/xe5HLSdJSkJ+WfZw==",
      "dev": true,
      "engines": {
        "node": ">=8"
      }
    },
    "node_modules/taffydb": {
      "version": "2.6.2",
      "resolved": "https://registry.npmjs.org/taffydb/-/taffydb-2.6.2.tgz",
      "integrity": "sha1-fLy2S1oUG2ou/CxdLGe04VCyomg=",
      "dev": true
    },
    "node_modules/tanagra-core": {
      "version": "0.5.0",
      "resolved": "https://registry.npmjs.org/tanagra-core/-/tanagra-core-0.5.0.tgz",
      "integrity": "sha512-hsgUiWcbGAOBMICbzwF9Isjd3XlbOBk7xHP0+oPrrByC5URHYDpnOhE4abxOAPUoHFAX5kW5P2ymCXQ7SXe+Ow==",
      "license": "MIT"
    },
    "node_modules/tanagra-json": {
      "version": "0.5.0",
      "resolved": "https://registry.npmjs.org/tanagra-json/-/tanagra-json-0.5.0.tgz",
      "integrity": "sha512-cKhA4OTQNDd20O2ku06PP24efCTCFm36rLxzFuD/LqPRZ5N9GDhg6GvapQVTVXQggkVlMlKiWYV6eMD7pKU6Bg==",
      "license": "MIT",
      "dependencies": {
        "tanagra-core": "^0.5.0"
      }
    },
    "node_modules/uc.micro": {
      "version": "1.0.6",
      "resolved": "https://registry.npmjs.org/uc.micro/-/uc.micro-1.0.6.tgz",
      "integrity": "sha512-8Y75pvTYkLJW2hWQHXxoqRgV7qb9B+9vFEtidML+7koHUFapnVJAZ6cKs+Qjz5Aw3aZWHMC6u0wJE3At+nSGwA==",
      "dev": true
    },
    "node_modules/underscore": {
      "version": "1.9.2",
      "resolved": "https://registry.npmjs.org/underscore/-/underscore-1.9.2.tgz",
      "integrity": "sha512-D39qtimx0c1fI3ya1Lnhk3E9nONswSKhnffBI0gME9C99fYOkNi04xs8K6pePLhvl1frbDemkaBQ5ikWllR2HQ==",
      "dev": true
    },
    "node_modules/xmlcreate": {
      "version": "2.0.3",
      "resolved": "https://registry.npmjs.org/xmlcreate/-/xmlcreate-2.0.3.tgz",
      "integrity": "sha512-HgS+X6zAztGa9zIK3Y3LXuJes33Lz9x+YyTxgrkIdabu2vqcGOWwdfCpf1hWLRrd553wd4QCDf6BBO6FfdsRiQ==",
      "dev": true
    }
  }
}
